
Microsoft Visual Studio Solution File, Format Version 12.00
# Visual Studio Version 16
VisualStudioVersion = 16.0.32602.291
MinimumVisualStudioVersion = 10.0.40219.1
Project("{FAE04EC0-301F-11D3-BF4B-00C04F79EFBC}") = "Exam22", "Exam22\Exam22.csproj", "{530C702A-A4E3-4D87-9A82-0FD38D2B3DF5}"
EndProject
Project("{FAE04EC0-301F-11D3-BF4B-00C04F79EFBC}") = "UnitTestProject1", "UnitTestProject1\UnitTestProject1.csproj", "{6321734B-E142-48C6-BF06-1CFC93A11945}"
EndProject
Global
	GlobalSection(SolutionConfigurationPlatforms) = preSolution
		Debug|Any CPU = Debug|Any CPU
		Release|Any CPU = Release|Any CPU
	EndGlobalSection
	GlobalSection(ProjectConfigurationPlatforms) = postSolution
		{530C702A-A4E3-4D87-9A82-0FD38D2B3DF5}.Debug|Any CPU.ActiveCfg = Debug|Any CPU
		{530C702A-A4E3-4D87-9A82-0FD38D2B3DF5}.Debug|Any CPU.Build.0 = Debug|Any CPU
		{530C702A-A4E3-4D87-9A82-0FD38D2B3DF5}.Release|Any CPU.ActiveCfg = Release|Any CPU
		{530C702A-A4E3-4D87-9A82-0FD38D2B3DF5}.Release|Any CPU.Build.0 = Release|Any CPU
		{6321734B-E142-48C6-BF06-1CFC93A11945}.Debug|Any CPU.ActiveCfg = Debug|Any CPU
		{6321734B-E142-48C6-BF06-1CFC93A11945}.Debug|Any CPU.Build.0 = Debug|Any CPU
		{6321734B-E142-48C6-BF06-1CFC93A11945}.Release|Any CPU.ActiveCfg = Release|Any CPU
		{6321734B-E142-48C6-BF06-1CFC93A11945}.Release|Any CPU.Build.0 = Release|Any CPU
	EndGlobalSection
	GlobalSection(SolutionProperties) = preSolution
		HideSolutionNode = FALSE
	EndGlobalSection
	GlobalSection(ExtensibilityGlobals) = postSolution
		SolutionGuid = {1EA349ED-36EF-4C9A-88D2-8AC6AA997BC2}
	EndGlobalSection
EndGlobal
